
Microsoft Visual Studio Solution File, Format Version 12.00
# Visual Studio Version 17
VisualStudioVersion = 17.0.31903.59
MinimumVisualStudioVersion = 10.0.40219.1
Project("{2150E333-8FDC-42A3-9474-1A3956D46DE8}") = "src", "src", "{8BC9CEB8-8B4A-11D0-8D11-00A0C91BC942}"
EndProject
Project("{2150E333-8FDC-42A3-9474-1A3956D46DE8}") = "tests", "tests", "{8BC9CEB8-8B4A-11D0-8D11-00A0C91BC943}"
EndProject
Project("{FAE04EC0-301F-11D3-BF4B-00C04F79EFBC}") = "AutismCenter.Domain", "src\AutismCenter.Domain\AutismCenter.Domain.csproj", "{8BC9CEB8-8B4A-11D0-8D11-00A0C91BC944}"
EndProject
Project("{FAE04EC0-301F-11D3-BF4B-00C04F79EFBC}") = "AutismCenter.Application", "src\AutismCenter.Application\AutismCenter.Application.csproj", "{8BC9CEB8-8B4A-11D0-8D11-00A0C91BC945}"
EndProject
Project("{FAE04EC0-301F-11D3-BF4B-00C04F79EFBC}") = "AutismCenter.Infrastructure", "src\AutismCenter.Infrastructure\AutismCenter.Infrastructure.csproj", "{8BC9CEB8-8B4A-11D0-8D11-00A0C91BC946}"
EndProject
Project("{FAE04EC0-301F-11D3-BF4B-00C04F79EFBC}") = "AutismCenter.WebApi", "src\AutismCenter.WebApi\AutismCenter.WebApi.csproj", "{8BC9CEB8-8B4A-11D0-8D11-00A0C91BC947}"
EndProject
Project("{FAE04EC0-301F-11D3-BF4B-00C04F79EFBC}") = "AutismCenter.WebApi.IntegrationTests", "tests\AutismCenter.WebApi.IntegrationTests\AutismCenter.WebApi.IntegrationTests.csproj", "{B9F9FB56-B5B1-478C-9545-90B6A00DC4F3}"
EndProject
Global
	GlobalSection(SolutionConfigurationPlatforms) = preSolution
		Debug|Any CPU = Debug|Any CPU
		Debug|x64 = Debug|x64
		Debug|x86 = Debug|x86
		Release|Any CPU = Release|Any CPU
		Release|x64 = Release|x64
		Release|x86 = Release|x86
	EndGlobalSection
	GlobalSection(ProjectConfigurationPlatforms) = postSolution
		{8BC9CEB8-8B4A-11D0-8D11-00A0C91BC944}.Debug|Any CPU.ActiveCfg = Debug|Any CPU
		{8BC9CEB8-8B4A-11D0-8D11-00A0C91BC944}.Debug|Any CPU.Build.0 = Debug|Any CPU
		{8BC9CEB8-8B4A-11D0-8D11-00A0C91BC944}.Debug|x64.ActiveCfg = Debug|Any CPU
		{8BC9CEB8-8B4A-11D0-8D11-00A0C91BC944}.Debug|x64.Build.0 = Debug|Any CPU
		{8BC9CEB8-8B4A-11D0-8D11-00A0C91BC944}.Debug|x86.ActiveCfg = Debug|Any CPU
		{8BC9CEB8-8B4A-11D0-8D11-00A0C91BC944}.Debug|x86.Build.0 = Debug|Any CPU
		{8BC9CEB8-8B4A-11D0-8D11-00A0C91BC944}.Release|Any CPU.ActiveCfg = Release|Any CPU
		{8BC9CEB8-8B4A-11D0-8D11-00A0C91BC944}.Release|Any CPU.Build.0 = Release|Any CPU
		{8BC9CEB8-8B4A-11D0-8D11-00A0C91BC944}.Release|x64.ActiveCfg = Release|Any CPU
		{8BC9CEB8-8B4A-11D0-8D11-00A0C91BC944}.Release|x64.Build.0 = Release|Any CPU
		{8BC9CEB8-8B4A-11D0-8D11-00A0C91BC944}.Release|x86.ActiveCfg = Release|Any CPU
		{8BC9CEB8-8B4A-11D0-8D11-00A0C91BC944}.Release|x86.Build.0 = Release|Any CPU
		{8BC9CEB8-8B4A-11D0-8D11-00A0C91BC945}.Debug|Any CPU.ActiveCfg = Debug|Any CPU
		{8BC9CEB8-8B4A-11D0-8D11-00A0C91BC945}.Debug|Any CPU.Build.0 = Debug|Any CPU
		{8BC9CEB8-8B4A-11D0-8D11-00A0C91BC945}.Debug|x64.ActiveCfg = Debug|Any CPU
		{8BC9CEB8-8B4A-11D0-8D11-00A0C91BC945}.Debug|x64.Build.0 = Debug|Any CPU
		{8BC9CEB8-8B4A-11D0-8D11-00A0C91BC945}.Debug|x86.ActiveCfg = Debug|Any CPU
		{8BC9CEB8-8B4A-11D0-8D11-00A0C91BC945}.Debug|x86.Build.0 = Debug|Any CPU
		{8BC9CEB8-8B4A-11D0-8D11-00A0C91BC945}.Release|Any CPU.ActiveCfg = Release|Any CPU
		{8BC9CEB8-8B4A-11D0-8D11-00A0C91BC945}.Release|Any CPU.Build.0 = Release|Any CPU
		{8BC9CEB8-8B4A-11D0-8D11-00A0C91BC945}.Release|x64.ActiveCfg = Release|Any CPU
		{8BC9CEB8-8B4A-11D0-8D11-00A0C91BC945}.Release|x64.Build.0 = Release|Any CPU
		{8BC9CEB8-8B4A-11D0-8D11-00A0C91BC945}.Release|x86.ActiveCfg = Release|Any CPU
		{8BC9CEB8-8B4A-11D0-8D11-00A0C91BC945}.Release|x86.Build.0 = Release|Any CPU
		{8BC9CEB8-8B4A-11D0-8D11-00A0C91BC946}.Debug|Any CPU.ActiveCfg = Debug|Any CPU
		{8BC9CEB8-8B4A-11D0-8D11-00A0C91BC946}.Debug|Any CPU.Build.0 = Debug|Any CPU
		{8BC9CEB8-8B4A-11D0-8D11-00A0C91BC946}.Debug|x64.ActiveCfg = Debug|Any CPU
		{8BC9CEB8-8B4A-11D0-8D11-00A0C91BC946}.Debug|x64.Build.0 = Debug|Any CPU
		{8BC9CEB8-8B4A-11D0-8D11-00A0C91BC946}.Debug|x86.ActiveCfg = Debug|Any CPU
		{8BC9CEB8-8B4A-11D0-8D11-00A0C91BC946}.Debug|x86.Build.0 = Debug|Any CPU
		{8BC9CEB8-8B4A-11D0-8D11-00A0C91BC946}.Release|Any CPU.ActiveCfg = Release|Any CPU
		{8BC9CEB8-8B4A-11D0-8D11-00A0C91BC946}.Release|Any CPU.Build.0 = Release|Any CPU
		{8BC9CEB8-8B4A-11D0-8D11-00A0C91BC946}.Release|x64.ActiveCfg = Release|Any CPU
		{8BC9CEB8-8B4A-11D0-8D11-00A0C91BC946}.Release|x64.Build.0 = Release|Any CPU
		{8BC9CEB8-8B4A-11D0-8D11-00A0C91BC946}.Release|x86.ActiveCfg = Release|Any CPU
		{8BC9CEB8-8B4A-11D0-8D11-00A0C91BC946}.Release|x86.Build.0 = Release|Any CPU
		{8BC9CEB8-8B4A-11D0-8D11-00A0C91BC947}.Debug|Any CPU.ActiveCfg = Debug|Any CPU
		{8BC9CEB8-8B4A-11D0-8D11-00A0C91BC947}.Debug|Any CPU.Build.0 = Debug|Any CPU
		{8BC9CEB8-8B4A-11D0-8D11-00A0C91BC947}.Debug|x64.ActiveCfg = Debug|Any CPU
		{8BC9CEB8-8B4A-11D0-8D11-00A0C91BC947}.Debug|x64.Build.0 = Debug|Any CPU
		{8BC9CEB8-8B4A-11D0-8D11-00A0C91BC947}.Debug|x86.ActiveCfg = Debug|Any CPU
		{8BC9CEB8-8B4A-11D0-8D11-00A0C91BC947}.Debug|x86.Build.0 = Debug|Any CPU
		{8BC9CEB8-8B4A-11D0-8D11-00A0C91BC947}.Release|Any CPU.ActiveCfg = Release|Any CPU
		{8BC9CEB8-8B4A-11D0-8D11-00A0C91BC947}.Release|Any CPU.Build.0 = Release|Any CPU
		{8BC9CEB8-8B4A-11D0-8D11-00A0C91BC947}.Release|x64.ActiveCfg = Release|Any CPU
		{8BC9CEB8-8B4A-11D0-8D11-00A0C91BC947}.Release|x64.Build.0 = Release|Any CPU
		{8BC9CEB8-8B4A-11D0-8D11-00A0C91BC947}.Release|x86.ActiveCfg = Release|Any CPU
		{8BC9CEB8-8B4A-11D0-8D11-00A0C91BC947}.Release|x86.Build.0 = Release|Any CPU
		{B9F9FB56-B5B1-478C-9545-90B6A00DC4F3}.Debug|Any CPU.ActiveCfg = Debug|Any CPU
		{B9F9FB56-B5B1-478C-9545-90B6A00DC4F3}.Debug|Any CPU.Build.0 = Debug|Any CPU
		{B9F9FB56-B5B1-478C-9545-90B6A00DC4F3}.Debug|x64.ActiveCfg = Debug|Any CPU
		{B9F9FB56-B5B1-478C-9545-90B6A00DC4F3}.Debug|x64.Build.0 = Debug|Any CPU
		{B9F9FB56-B5B1-478C-9545-90B6A00DC4F3}.Debug|x86.ActiveCfg = Debug|Any CPU
		{B9F9FB56-B5B1-478C-9545-90B6A00DC4F3}.Debug|x86.Build.0 = Debug|Any CPU
		{B9F9FB56-B5B1-478C-9545-90B6A00DC4F3}.Release|Any CPU.ActiveCfg = Release|Any CPU
		{B9F9FB56-B5B1-478C-9545-90B6A00DC4F3}.Release|Any CPU.Build.0 = Release|Any CPU
		{B9F9FB56-B5B1-478C-9545-90B6A00DC4F3}.Release|x64.ActiveCfg = Release|Any CPU
		{B9F9FB56-B5B1-478C-9545-90B6A00DC4F3}.Release|x64.Build.0 = Release|Any CPU
		{B9F9FB56-B5B1-478C-9545-90B6A00DC4F3}.Release|x86.ActiveCfg = Release|Any CPU
		{B9F9FB56-B5B1-478C-9545-90B6A00DC4F3}.Release|x86.Build.0 = Release|Any CPU
	EndGlobalSection
	GlobalSection(SolutionProperties) = preSolution
		HideSolutionNode = FALSE
	EndGlobalSection
	GlobalSection(NestedProjects) = preSolution
		{8BC9CEB8-8B4A-11D0-8D11-00A0C91BC944} = {8BC9CEB8-8B4A-11D0-8D11-00A0C91BC942}
		{8BC9CEB8-8B4A-11D0-8D11-00A0C91BC945} = {8BC9CEB8-8B4A-11D0-8D11-00A0C91BC942}
		{8BC9CEB8-8B4A-11D0-8D11-00A0C91BC946} = {8BC9CEB8-8B4A-11D0-8D11-00A0C91BC942}
		{8BC9CEB8-8B4A-11D0-8D11-00A0C91BC947} = {8BC9CEB8-8B4A-11D0-8D11-00A0C91BC942}
		{B9F9FB56-B5B1-478C-9545-90B6A00DC4F3} = {8BC9CEB8-8B4A-11D0-8D11-00A0C91BC943}
	EndGlobalSection
EndGlobal
